// !$*UTF8*$!
{
	archiveVersion = 1;
	classes = {
	};
	objectVersion = 48;
	objects = {

/* Begin PBXBuildFile section */
		1DB6606B8A8D59366BF68A80 /* Pods_HavasUITests.framework in Frameworks */ = {isa = PBXBuildFile; fileRef = 0F5DDE015F3C4DB91030CBD2 /* Pods_HavasUITests.framework */; };
		9B4360DD20BF425900299598 /* View+Rotation.swift in Sources */ = {isa = PBXBuildFile; fileRef = 9B4360DC20BF425900299598 /* View+Rotation.swift */; };
		9B749E7820BF8EE50051548A /* FetchTimeAPI.swift in Sources */ = {isa = PBXBuildFile; fileRef = 9B749E7720BF8EE50051548A /* FetchTimeAPI.swift */; };
		9B7BD79720BEFE96005C6AD8 /* AppDelegate.swift in Sources */ = {isa = PBXBuildFile; fileRef = 9B7BD79620BEFE96005C6AD8 /* AppDelegate.swift */; };
		9B7BD79920BEFE96005C6AD8 /* ViewController.swift in Sources */ = {isa = PBXBuildFile; fileRef = 9B7BD79820BEFE96005C6AD8 /* ViewController.swift */; };
		9B7BD79C20BEFE96005C6AD8 /* Main.storyboard in Resources */ = {isa = PBXBuildFile; fileRef = 9B7BD79A20BEFE96005C6AD8 /* Main.storyboard */; };
		9B7BD79E20BEFE96005C6AD8 /* Assets.xcassets in Resources */ = {isa = PBXBuildFile; fileRef = 9B7BD79D20BEFE96005C6AD8 /* Assets.xcassets */; };
		9B7BD7A120BEFE96005C6AD8 /* LaunchScreen.storyboard in Resources */ = {isa = PBXBuildFile; fileRef = 9B7BD79F20BEFE96005C6AD8 /* LaunchScreen.storyboard */; };
		9B7BD7AC20BEFE96005C6AD8 /* HavasTests.swift in Sources */ = {isa = PBXBuildFile; fileRef = 9B7BD7AB20BEFE96005C6AD8 /* HavasTests.swift */; };
		9B7BD7B720BEFE96005C6AD8 /* HavasUITests.swift in Sources */ = {isa = PBXBuildFile; fileRef = 9B7BD7B620BEFE96005C6AD8 /* HavasUITests.swift */; };
		CB2FEC5C72AF2B33C4DB8C76 /* Pods_Havas.framework in Frameworks */ = {isa = PBXBuildFile; fileRef = 5A649FB770408769C6E20BAA /* Pods_Havas.framework */; };
		DA44AFA6AE021A180444E57F /* Pods_HavasTests.framework in Frameworks */ = {isa = PBXBuildFile; fileRef = 4281BDE6F9DEC3897661BF04 /* Pods_HavasTests.framework */; };
/* End PBXBuildFile section */

/* Begin PBXContainerItemProxy section */
		9B7BD7A820BEFE96005C6AD8 /* PBXContainerItemProxy */ = {
			isa = PBXContainerItemProxy;
			containerPortal = 9B7BD78B20BEFE96005C6AD8 /* Project object */;
			proxyType = 1;
			remoteGlobalIDString = 9B7BD79220BEFE96005C6AD8;
			remoteInfo = Havas;
		};
		9B7BD7B320BEFE96005C6AD8 /* PBXContainerItemProxy */ = {
			isa = PBXContainerItemProxy;
			containerPortal = 9B7BD78B20BEFE96005C6AD8 /* Project object */;
			proxyType = 1;
			remoteGlobalIDString = 9B7BD79220BEFE96005C6AD8;
			remoteInfo = Havas;
		};
/* End PBXContainerItemProxy section */

/* Begin PBXFileReference section */
		0F5DDE015F3C4DB91030CBD2 /* Pods_HavasUITests.framework */ = {isa = PBXFileReference; explicitFileType = wrapper.framework; includeInIndex = 0; path = Pods_HavasUITests.framework; sourceTree = BUILT_PRODUCTS_DIR; };
		14C3F4808D842846412C873B /* Pods-Havas.debug.xcconfig */ = {isa = PBXFileReference; includeInIndex = 1; lastKnownFileType = text.xcconfig; name = "Pods-Havas.debug.xcconfig"; path = "Pods/Target Support Files/Pods-Havas/Pods-Havas.debug.xcconfig"; sourceTree = "<group>"; };
		1741F5501C354A0A66B70122 /* Pods-HavasTests.debug.xcconfig */ = {isa = PBXFileReference; includeInIndex = 1; lastKnownFileType = text.xcconfig; name = "Pods-HavasTests.debug.xcconfig"; path = "Pods/Target Support Files/Pods-HavasTests/Pods-HavasTests.debug.xcconfig"; sourceTree = "<group>"; };
		22365CA0C6828CEAC789C3E7 /* Pods-HavasUITests.debug.xcconfig */ = {isa = PBXFileReference; includeInIndex = 1; lastKnownFileType = text.xcconfig; name = "Pods-HavasUITests.debug.xcconfig"; path = "Pods/Target Support Files/Pods-HavasUITests/Pods-HavasUITests.debug.xcconfig"; sourceTree = "<group>"; };
		4281BDE6F9DEC3897661BF04 /* Pods_HavasTests.framework */ = {isa = PBXFileReference; explicitFileType = wrapper.framework; includeInIndex = 0; path = Pods_HavasTests.framework; sourceTree = BUILT_PRODUCTS_DIR; };
		58CC7AE42C45DD5B246AB6CC /* Pods-HavasTests.release.xcconfig */ = {isa = PBXFileReference; includeInIndex = 1; lastKnownFileType = text.xcconfig; name = "Pods-HavasTests.release.xcconfig"; path = "Pods/Target Support Files/Pods-HavasTests/Pods-HavasTests.release.xcconfig"; sourceTree = "<group>"; };
		5A649FB770408769C6E20BAA /* Pods_Havas.framework */ = {isa = PBXFileReference; explicitFileType = wrapper.framework; includeInIndex = 0; path = Pods_Havas.framework; sourceTree = BUILT_PRODUCTS_DIR; };
		66693448BF188C56D4B6DDB2 /* Pods-HavasUITests.release.xcconfig */ = {isa = PBXFileReference; includeInIndex = 1; lastKnownFileType = text.xcconfig; name = "Pods-HavasUITests.release.xcconfig"; path = "Pods/Target Support Files/Pods-HavasUITests/Pods-HavasUITests.release.xcconfig"; sourceTree = "<group>"; };
		6F3CB810ABC687D6BD2AF225 /* Pods-Havas.release.xcconfig */ = {isa = PBXFileReference; includeInIndex = 1; lastKnownFileType = text.xcconfig; name = "Pods-Havas.release.xcconfig"; path = "Pods/Target Support Files/Pods-Havas/Pods-Havas.release.xcconfig"; sourceTree = "<group>"; };
		9B4360DC20BF425900299598 /* View+Rotation.swift */ = {isa = PBXFileReference; lastKnownFileType = sourcecode.swift; path = "View+Rotation.swift"; sourceTree = "<group>"; };
		9B749E7720BF8EE50051548A /* FetchTimeAPI.swift */ = {isa = PBXFileReference; lastKnownFileType = sourcecode.swift; path = FetchTimeAPI.swift; sourceTree = "<group>"; };
		9B7BD79320BEFE96005C6AD8 /* Havas.app */ = {isa = PBXFileReference; explicitFileType = wrapper.application; includeInIndex = 0; path = Havas.app; sourceTree = BUILT_PRODUCTS_DIR; };
		9B7BD79620BEFE96005C6AD8 /* AppDelegate.swift */ = {isa = PBXFileReference; lastKnownFileType = sourcecode.swift; path = AppDelegate.swift; sourceTree = "<group>"; };
		9B7BD79820BEFE96005C6AD8 /* ViewController.swift */ = {isa = PBXFileReference; lastKnownFileType = sourcecode.swift; path = ViewController.swift; sourceTree = "<group>"; };
		9B7BD79B20BEFE96005C6AD8 /* Base */ = {isa = PBXFileReference; lastKnownFileType = file.storyboard; name = Base; path = Base.lproj/Main.storyboard; sourceTree = "<group>"; };
		9B7BD79D20BEFE96005C6AD8 /* Assets.xcassets */ = {isa = PBXFileReference; lastKnownFileType = folder.assetcatalog; path = Assets.xcassets; sourceTree = "<group>"; };
		9B7BD7A020BEFE96005C6AD8 /* Base */ = {isa = PBXFileReference; lastKnownFileType = file.storyboard; name = Base; path = Base.lproj/LaunchScreen.storyboard; sourceTree = "<group>"; };
		9B7BD7A220BEFE96005C6AD8 /* Info.plist */ = {isa = PBXFileReference; lastKnownFileType = text.plist.xml; path = Info.plist; sourceTree = "<group>"; };
		9B7BD7A720BEFE96005C6AD8 /* HavasTests.xctest */ = {isa = PBXFileReference; explicitFileType = wrapper.cfbundle; includeInIndex = 0; path = HavasTests.xctest; sourceTree = BUILT_PRODUCTS_DIR; };
		9B7BD7AB20BEFE96005C6AD8 /* HavasTests.swift */ = {isa = PBXFileReference; lastKnownFileType = sourcecode.swift; path = HavasTests.swift; sourceTree = "<group>"; };
		9B7BD7AD20BEFE96005C6AD8 /* Info.plist */ = {isa = PBXFileReference; lastKnownFileType = text.plist.xml; path = Info.plist; sourceTree = "<group>"; };
		9B7BD7B220BEFE96005C6AD8 /* HavasUITests.xctest */ = {isa = PBXFileReference; explicitFileType = wrapper.cfbundle; includeInIndex = 0; path = HavasUITests.xctest; sourceTree = BUILT_PRODUCTS_DIR; };
		9B7BD7B620BEFE96005C6AD8 /* HavasUITests.swift */ = {isa = PBXFileReference; lastKnownFileType = sourcecode.swift; path = HavasUITests.swift; sourceTree = "<group>"; };
		9B7BD7B820BEFE96005C6AD8 /* Info.plist */ = {isa = PBXFileReference; lastKnownFileType = text.plist.xml; path = Info.plist; sourceTree = "<group>"; };
/* End PBXFileReference section */

/* Begin PBXFrameworksBuildPhase section */
		9B7BD79020BEFE96005C6AD8 /* Frameworks */ = {
			isa = PBXFrameworksBuildPhase;
			buildActionMask = 2147483647;
			files = (
				CB2FEC5C72AF2B33C4DB8C76 /* Pods_Havas.framework in Frameworks */,
			);
			runOnlyForDeploymentPostprocessing = 0;
		};
		9B7BD7A420BEFE96005C6AD8 /* Frameworks */ = {
			isa = PBXFrameworksBuildPhase;
			buildActionMask = 2147483647;
			files = (
				DA44AFA6AE021A180444E57F /* Pods_HavasTests.framework in Frameworks */,
			);
			runOnlyForDeploymentPostprocessing = 0;
		};
		9B7BD7AF20BEFE96005C6AD8 /* Frameworks */ = {
			isa = PBXFrameworksBuildPhase;
			buildActionMask = 2147483647;
			files = (
				1DB6606B8A8D59366BF68A80 /* Pods_HavasUITests.framework in Frameworks */,
			);
			runOnlyForDeploymentPostprocessing = 0;
		};
/* End PBXFrameworksBuildPhase section */

/* Begin PBXGroup section */
		22D45FEF809D355AADE95D14 /* Frameworks */ = {
			isa = PBXGroup;
			children = (
				5A649FB770408769C6E20BAA /* Pods_Havas.framework */,
				4281BDE6F9DEC3897661BF04 /* Pods_HavasTests.framework */,
				0F5DDE015F3C4DB91030CBD2 /* Pods_HavasUITests.framework */,
			);
			name = Frameworks;
			sourceTree = "<group>";
		};
		9B7BD78A20BEFE96005C6AD8 = {
			isa = PBXGroup;
			children = (
				9B7BD79520BEFE96005C6AD8 /* Havas */,
				9B7BD7AA20BEFE96005C6AD8 /* HavasTests */,
				9B7BD7B520BEFE96005C6AD8 /* HavasUITests */,
				9B7BD79420BEFE96005C6AD8 /* Products */,
				9CDFB54CD261C1C3E695B9FC /* Pods */,
				22D45FEF809D355AADE95D14 /* Frameworks */,
			);
			sourceTree = "<group>";
		};
		9B7BD79420BEFE96005C6AD8 /* Products */ = {
			isa = PBXGroup;
			children = (
				9B7BD79320BEFE96005C6AD8 /* Havas.app */,
				9B7BD7A720BEFE96005C6AD8 /* HavasTests.xctest */,
				9B7BD7B220BEFE96005C6AD8 /* HavasUITests.xctest */,
			);
			name = Products;
			sourceTree = "<group>";
		};
		9B7BD79520BEFE96005C6AD8 /* Havas */ = {
			isa = PBXGroup;
			children = (
				9B7BD79620BEFE96005C6AD8 /* AppDelegate.swift */,
				9B7BD79820BEFE96005C6AD8 /* ViewController.swift */,
				9B7BD79A20BEFE96005C6AD8 /* Main.storyboard */,
				9B4360DC20BF425900299598 /* View+Rotation.swift */,
				9B749E7720BF8EE50051548A /* FetchTimeAPI.swift */,
				9B7BD79D20BEFE96005C6AD8 /* Assets.xcassets */,
				9B7BD79F20BEFE96005C6AD8 /* LaunchScreen.storyboard */,
				9B7BD7A220BEFE96005C6AD8 /* Info.plist */,
			);
			path = Havas;
			sourceTree = "<group>";
		};
		9B7BD7AA20BEFE96005C6AD8 /* HavasTests */ = {
			isa = PBXGroup;
			children = (
				9B7BD7AB20BEFE96005C6AD8 /* HavasTests.swift */,
				9B7BD7AD20BEFE96005C6AD8 /* Info.plist */,
			);
			path = HavasTests;
			sourceTree = "<group>";
		};
		9B7BD7B520BEFE96005C6AD8 /* HavasUITests */ = {
			isa = PBXGroup;
			children = (
				9B7BD7B620BEFE96005C6AD8 /* HavasUITests.swift */,
				9B7BD7B820BEFE96005C6AD8 /* Info.plist */,
			);
			path = HavasUITests;
			sourceTree = "<group>";
		};
		9CDFB54CD261C1C3E695B9FC /* Pods */ = {
			isa = PBXGroup;
			children = (
				14C3F4808D842846412C873B /* Pods-Havas.debug.xcconfig */,
				6F3CB810ABC687D6BD2AF225 /* Pods-Havas.release.xcconfig */,
				1741F5501C354A0A66B70122 /* Pods-HavasTests.debug.xcconfig */,
				58CC7AE42C45DD5B246AB6CC /* Pods-HavasTests.release.xcconfig */,
				22365CA0C6828CEAC789C3E7 /* Pods-HavasUITests.debug.xcconfig */,
				66693448BF188C56D4B6DDB2 /* Pods-HavasUITests.release.xcconfig */,
			);
			name = Pods;
			sourceTree = "<group>";
		};
/* End PBXGroup section */

/* Begin PBXNativeTarget section */
		9B7BD79220BEFE96005C6AD8 /* Havas */ = {
			isa = PBXNativeTarget;
			buildConfigurationList = 9B7BD7BB20BEFE96005C6AD8 /* Build configuration list for PBXNativeTarget "Havas" */;
			buildPhases = (
				4A185F6DAF3CF10517FD8DBD /* [CP] Check Pods Manifest.lock */,
				9B7BD78F20BEFE96005C6AD8 /* Sources */,
				9B7BD79020BEFE96005C6AD8 /* Frameworks */,
				9B7BD79120BEFE96005C6AD8 /* Resources */,
				FB168169AE79307C54790E45 /* [CP] Embed Pods Frameworks */,
				CA11916F75666FBDB25B7ED5 /* [CP] Copy Pods Resources */,
			);
			buildRules = (
			);
			dependencies = (
			);
			name = Havas;
			productName = Havas;
			productReference = 9B7BD79320BEFE96005C6AD8 /* Havas.app */;
			productType = "com.apple.product-type.application";
		};
		9B7BD7A620BEFE96005C6AD8 /* HavasTests */ = {
			isa = PBXNativeTarget;
			buildConfigurationList = 9B7BD7BE20BEFE96005C6AD8 /* Build configuration list for PBXNativeTarget "HavasTests" */;
			buildPhases = (
				2680F3CB5A81E1EEA63FAD81 /* [CP] Check Pods Manifest.lock */,
				9B7BD7A320BEFE96005C6AD8 /* Sources */,
				9B7BD7A420BEFE96005C6AD8 /* Frameworks */,
				9B7BD7A520BEFE96005C6AD8 /* Resources */,
				EEF3EE6A8C395293F35EFBC3 /* [CP] Embed Pods Frameworks */,
				02665CDBD298546CF2D480F4 /* [CP] Copy Pods Resources */,
			);
			buildRules = (
			);
			dependencies = (
				9B7BD7A920BEFE96005C6AD8 /* PBXTargetDependency */,
			);
			name = HavasTests;
			productName = HavasTests;
			productReference = 9B7BD7A720BEFE96005C6AD8 /* HavasTests.xctest */;
			productType = "com.apple.product-type.bundle.unit-test";
		};
		9B7BD7B120BEFE96005C6AD8 /* HavasUITests */ = {
			isa = PBXNativeTarget;
			buildConfigurationList = 9B7BD7C120BEFE96005C6AD8 /* Build configuration list for PBXNativeTarget "HavasUITests" */;
			buildPhases = (
				8E500A64AD46A5D86A581E21 /* [CP] Check Pods Manifest.lock */,
				9B7BD7AE20BEFE96005C6AD8 /* Sources */,
				9B7BD7AF20BEFE96005C6AD8 /* Frameworks */,
				9B7BD7B020BEFE96005C6AD8 /* Resources */,
				415A84A9474A1540CD80CD06 /* [CP] Embed Pods Frameworks */,
				993C3CE286E952B82768835A /* [CP] Copy Pods Resources */,
			);
			buildRules = (
			);
			dependencies = (
				9B7BD7B420BEFE96005C6AD8 /* PBXTargetDependency */,
			);
			name = HavasUITests;
			productName = HavasUITests;
			productReference = 9B7BD7B220BEFE96005C6AD8 /* HavasUITests.xctest */;
			productType = "com.apple.product-type.bundle.ui-testing";
		};
/* End PBXNativeTarget section */

/* Begin PBXProject section */
		9B7BD78B20BEFE96005C6AD8 /* Project object */ = {
			isa = PBXProject;
			attributes = {
				LastSwiftUpdateCheck = 0910;
				LastUpgradeCheck = 0910;
				ORGANIZATIONNAME = boqiancheng;
				TargetAttributes = {
					9B7BD79220BEFE96005C6AD8 = {
						CreatedOnToolsVersion = 9.1;
						ProvisioningStyle = Automatic;
					};
					9B7BD7A620BEFE96005C6AD8 = {
						CreatedOnToolsVersion = 9.1;
						ProvisioningStyle = Automatic;
						TestTargetID = 9B7BD79220BEFE96005C6AD8;
					};
					9B7BD7B120BEFE96005C6AD8 = {
						CreatedOnToolsVersion = 9.1;
						ProvisioningStyle = Automatic;
						TestTargetID = 9B7BD79220BEFE96005C6AD8;
					};
				};
			};
			buildConfigurationList = 9B7BD78E20BEFE96005C6AD8 /* Build configuration list for PBXProject "Havas" */;
			compatibilityVersion = "Xcode 8.0";
			developmentRegion = en;
			hasScannedForEncodings = 0;
			knownRegions = (
				en,
				Base,
			);
			mainGroup = 9B7BD78A20BEFE96005C6AD8;
			productRefGroup = 9B7BD79420BEFE96005C6AD8 /* Products */;
			projectDirPath = "";
			projectRoot = "";
			targets = (
				9B7BD79220BEFE96005C6AD8 /* Havas */,
				9B7BD7A620BEFE96005C6AD8 /* HavasTests */,
				9B7BD7B120BEFE96005C6AD8 /* HavasUITests */,
			);
		};
/* End PBXProject section */

/* Begin PBXResourcesBuildPhase section */
		9B7BD79120BEFE96005C6AD8 /* Resources */ = {
			isa = PBXResourcesBuildPhase;
			buildActionMask = 2147483647;
			files = (
				9B7BD7A120BEFE96005C6AD8 /* LaunchScreen.storyboard in Resources */,
				9B7BD79E20BEFE96005C6AD8 /* Assets.xcassets in Resources */,
				9B7BD79C20BEFE96005C6AD8 /* Main.storyboard in Resources */,
			);
			runOnlyForDeploymentPostprocessing = 0;
		};
		9B7BD7A520BEFE96005C6AD8 /* Resources */ = {
			isa = PBXResourcesBuildPhase;
			buildActionMask = 2147483647;
			files = (
			);
			runOnlyForDeploymentPostprocessing = 0;
		};
		9B7BD7B020BEFE96005C6AD8 /* Resources */ = {
			isa = PBXResourcesBuildPhase;
			buildActionMask = 2147483647;
			files = (
			);
			runOnlyForDeploymentPostprocessing = 0;
		};
/* End PBXResourcesBuildPhase section */

/* Begin PBXShellScriptBuildPhase section */
		02665CDBD298546CF2D480F4 /* [CP] Copy Pods Resources */ = {
			isa = PBXShellScriptBuildPhase;
			buildActionMask = 2147483647;
			files = (
			);
			inputPaths = (
			);
			name = "[CP] Copy Pods Resources";
			outputPaths = (
			);
			runOnlyForDeploymentPostprocessing = 0;
			shellPath = /bin/sh;
			shellScript = "\"${SRCROOT}/Pods/Target Support Files/Pods-HavasTests/Pods-HavasTests-resources.sh\"\n";
			showEnvVarsInLog = 0;
		};
		2680F3CB5A81E1EEA63FAD81 /* [CP] Check Pods Manifest.lock */ = {
			isa = PBXShellScriptBuildPhase;
			buildActionMask = 2147483647;
			files = (
			);
			inputPaths = (
				"${PODS_PODFILE_DIR_PATH}/Podfile.lock",
				"${PODS_ROOT}/Manifest.lock",
			);
			name = "[CP] Check Pods Manifest.lock";
			outputPaths = (
				"$(DERIVED_FILE_DIR)/Pods-HavasTests-checkManifestLockResult.txt",
			);
			runOnlyForDeploymentPostprocessing = 0;
			shellPath = /bin/sh;
			shellScript = "diff \"${PODS_PODFILE_DIR_PATH}/Podfile.lock\" \"${PODS_ROOT}/Manifest.lock\" > /dev/null\nif [ $? != 0 ] ; then\n    # print error to STDERR\n    echo \"error: The sandbox is not in sync with the Podfile.lock. Run 'pod install' or update your CocoaPods installation.\" >&2\n    exit 1\nfi\n# This output is used by Xcode 'outputs' to avoid re-running this script phase.\necho \"SUCCESS\" > \"${SCRIPT_OUTPUT_FILE_0}\"\n";
			showEnvVarsInLog = 0;
		};
		415A84A9474A1540CD80CD06 /* [CP] Embed Pods Frameworks */ = {
			isa = PBXShellScriptBuildPhase;
			buildActionMask = 2147483647;
			files = (
			);
			inputPaths = (
			);
			name = "[CP] Embed Pods Frameworks";
			outputPaths = (
			);
			runOnlyForDeploymentPostprocessing = 0;
			shellPath = /bin/sh;
			shellScript = "\"${SRCROOT}/Pods/Target Support Files/Pods-HavasUITests/Pods-HavasUITests-frameworks.sh\"\n";
			showEnvVarsInLog = 0;
		};
		4A185F6DAF3CF10517FD8DBD /* [CP] Check Pods Manifest.lock */ = {
			isa = PBXShellScriptBuildPhase;
			buildActionMask = 2147483647;
			files = (
			);
			inputPaths = (
				"${PODS_PODFILE_DIR_PATH}/Podfile.lock",
				"${PODS_ROOT}/Manifest.lock",
			);
			name = "[CP] Check Pods Manifest.lock";
			outputPaths = (
				"$(DERIVED_FILE_DIR)/Pods-Havas-checkManifestLockResult.txt",
			);
			runOnlyForDeploymentPostprocessing = 0;
			shellPath = /bin/sh;
			shellScript = "diff \"${PODS_PODFILE_DIR_PATH}/Podfile.lock\" \"${PODS_ROOT}/Manifest.lock\" > /dev/null\nif [ $? != 0 ] ; then\n    # print error to STDERR\n    echo \"error: The sandbox is not in sync with the Podfile.lock. Run 'pod install' or update your CocoaPods installation.\" >&2\n    exit 1\nfi\n# This output is used by Xcode 'outputs' to avoid re-running this script phase.\necho \"SUCCESS\" > \"${SCRIPT_OUTPUT_FILE_0}\"\n";
			showEnvVarsInLog = 0;
		};
		8E500A64AD46A5D86A581E21 /* [CP] Check Pods Manifest.lock */ = {
			isa = PBXShellScriptBuildPhase;
			buildActionMask = 2147483647;
			files = (
			);
			inputPaths = (
				"${PODS_PODFILE_DIR_PATH}/Podfile.lock",
				"${PODS_ROOT}/Manifest.lock",
			);
			name = "[CP] Check Pods Manifest.lock";
			outputPaths = (
				"$(DERIVED_FILE_DIR)/Pods-HavasUITests-checkManifestLockResult.txt",
			);
			runOnlyForDeploymentPostprocessing = 0;
			shellPath = /bin/sh;
			shellScript = "diff \"${PODS_PODFILE_DIR_PATH}/Podfile.lock\" \"${PODS_ROOT}/Manifest.lock\" > /dev/null\nif [ $? != 0 ] ; then\n    # print error to STDERR\n    echo \"error: The sandbox is not in sync with the Podfile.lock. Run 'pod install' or update your CocoaPods installation.\" >&2\n    exit 1\nfi\n# This output is used by Xcode 'outputs' to avoid re-running this script phase.\necho \"SUCCESS\" > \"${SCRIPT_OUTPUT_FILE_0}\"\n";
			showEnvVarsInLog = 0;
		};
		993C3CE286E952B82768835A /* [CP] Copy Pods Resources */ = {
			isa = PBXShellScriptBuildPhase;
			buildActionMask = 2147483647;
			files = (
			);
			inputPaths = (
			);
			name = "[CP] Copy Pods Resources";
			outputPaths = (
			);
			runOnlyForDeploymentPostprocessing = 0;
			shellPath = /bin/sh;
			shellScript = "\"${SRCROOT}/Pods/Target Support Files/Pods-HavasUITests/Pods-HavasUITests-resources.sh\"\n";
			showEnvVarsInLog = 0;
		};
		CA11916F75666FBDB25B7ED5 /* [CP] Copy Pods Resources */ = {
			isa = PBXShellScriptBuildPhase;
			buildActionMask = 2147483647;
			files = (
			);
			inputPaths = (
			);
			name = "[CP] Copy Pods Resources";
			outputPaths = (
			);
			runOnlyForDeploymentPostprocessing = 0;
			shellPath = /bin/sh;
			shellScript = "\"${SRCROOT}/Pods/Target Support Files/Pods-Havas/Pods-Havas-resources.sh\"\n";
			showEnvVarsInLog = 0;
		};
		EEF3EE6A8C395293F35EFBC3 /* [CP] Embed Pods Frameworks */ = {
			isa = PBXShellScriptBuildPhase;
			buildActionMask = 2147483647;
			files = (
			);
			inputPaths = (
			);
			name = "[CP] Embed Pods Frameworks";
			outputPaths = (
			);
			runOnlyForDeploymentPostprocessing = 0;
			shellPath = /bin/sh;
			shellScript = "\"${SRCROOT}/Pods/Target Support Files/Pods-HavasTests/Pods-HavasTests-frameworks.sh\"\n";
			showEnvVarsInLog = 0;
		};
		FB168169AE79307C54790E45 /* [CP] Embed Pods Frameworks */ = {
			isa = PBXShellScriptBuildPhase;
			buildActionMask = 2147483647;
			files = (
			);
			inputPaths = (
				"${SRCROOT}/Pods/Target Support Files/Pods-Havas/Pods-Havas-frameworks.sh",
				"${BUILT_PRODUCTS_DIR}/Alamofire/Alamofire.framework",
				"${BUILT_PRODUCTS_DIR}/Marshal/Marshal.framework",
				"${BUILT_PRODUCTS_DIR}/Moya/Moya.framework",
				"${BUILT_PRODUCTS_DIR}/Result/Result.framework",
				"${BUILT_PRODUCTS_DIR}/RxSwift/RxSwift.framework",
			);
			name = "[CP] Embed Pods Frameworks";
			outputPaths = (
				"${TARGET_BUILD_DIR}/${FRAMEWORKS_FOLDER_PATH}/Alamofire.framework",
				"${TARGET_BUILD_DIR}/${FRAMEWORKS_FOLDER_PATH}/Marshal.framework",
				"${TARGET_BUILD_DIR}/${FRAMEWORKS_FOLDER_PATH}/Moya.framework",
				"${TARGET_BUILD_DIR}/${FRAMEWORKS_FOLDER_PATH}/Result.framework",
				"${TARGET_BUILD_DIR}/${FRAMEWORKS_FOLDER_PATH}/RxSwift.framework",
			);
			runOnlyForDeploymentPostprocessing = 0;
			shellPath = /bin/sh;
			shellScript = "\"${SRCROOT}/Pods/Target Support Files/Pods-Havas/Pods-Havas-frameworks.sh\"\n";
			showEnvVarsInLog = 0;
		};
/* End PBXShellScriptBuildPhase section */

/* Begin PBXSourcesBuildPhase section */
		9B7BD78F20BEFE96005C6AD8 /* Sources */ = {
			isa = PBXSourcesBuildPhase;
			buildActionMask = 2147483647;
			files = (
				9B749E7820BF8EE50051548A /* FetchTimeAPI.swift in Sources */,
				9B4360DD20BF425900299598 /* View+Rotation.swift in Sources */,
				9B7BD79920BEFE96005C6AD8 /* ViewController.swift in Sources */,
				9B7BD79720BEFE96005C6AD8 /* AppDelegate.swift in Sources */,
			);
			runOnlyForDeploymentPostprocessing = 0;
		};
		9B7BD7A320BEFE96005C6AD8 /* Sources */ = {
			isa = PBXSourcesBuildPhase;
			buildActionMask = 2147483647;
			files = (
				9B7BD7AC20BEFE96005C6AD8 /* HavasTests.swift in Sources */,
			);
			runOnlyForDeploymentPostprocessing = 0;
		};
		9B7BD7AE20BEFE96005C6AD8 /* Sources */ = {
			isa = PBXSourcesBuildPhase;
			buildActionMask = 2147483647;
			files = (
				9B7BD7B720BEFE96005C6AD8 /* HavasUITests.swift in Sources */,
			);
			runOnlyForDeploymentPostprocessing = 0;
		};
/* End PBXSourcesBuildPhase section */

/* Begin PBXTargetDependency section */
		9B7BD7A920BEFE96005C6AD8 /* PBXTargetDependency */ = {
			isa = PBXTargetDependency;
			target = 9B7BD79220BEFE96005C6AD8 /* Havas */;
			targetProxy = 9B7BD7A820BEFE96005C6AD8 /* PBXContainerItemProxy */;
		};
		9B7BD7B420BEFE96005C6AD8 /* PBXTargetDependency */ = {
			isa = PBXTargetDependency;
			target = 9B7BD79220BEFE96005C6AD8 /* Havas */;
			targetProxy = 9B7BD7B320BEFE96005C6AD8 /* PBXContainerItemProxy */;
		};
/* End PBXTargetDependency section */

/* Begin PBXVariantGroup section */
		9B7BD79A20BEFE96005C6AD8 /* Main.storyboard */ = {
			isa = PBXVariantGroup;
			children = (
				9B7BD79B20BEFE96005C6AD8 /* Base */,
			);
			name = Main.storyboard;
			sourceTree = "<group>";
		};
		9B7BD79F20BEFE96005C6AD8 /* LaunchScreen.storyboard */ = {
			isa = PBXVariantGroup;
			children = (
				9B7BD7A020BEFE96005C6AD8 /* Base */,
			);
			name = LaunchScreen.storyboard;
			sourceTree = "<group>";
		};
/* End PBXVariantGroup section */

/* Begin XCBuildConfiguration section */
		9B7BD7B920BEFE96005C6AD8 /* Debug */ = {
			isa = XCBuildConfiguration;
			buildSettings = {
				ALWAYS_SEARCH_USER_PATHS = NO;
				CLANG_ANALYZER_NONNULL = YES;
				CLANG_ANALYZER_NUMBER_OBJECT_CONVERSION = YES_AGGRESSIVE;
				CLANG_CXX_LANGUAGE_STANDARD = "gnu++14";
				CLANG_CXX_LIBRARY = "libc++";
				CLANG_ENABLE_MODULES = YES;
				CLANG_ENABLE_OBJC_ARC = YES;
				CLANG_WARN_BLOCK_CAPTURE_AUTORELEASING = YES;
				CLANG_WARN_BOOL_CONVERSION = YES;
				CLANG_WARN_COMMA = YES;
				CLANG_WARN_CONSTANT_CONVERSION = YES;
				CLANG_WARN_DIRECT_OBJC_ISA_USAGE = YES_ERROR;
				CLANG_WARN_DOCUMENTATION_COMMENTS = YES;
				CLANG_WARN_EMPTY_BODY = YES;
				CLANG_WARN_ENUM_CONVERSION = YES;
				CLANG_WARN_INFINITE_RECURSION = YES;
				CLANG_WARN_INT_CONVERSION = YES;
				CLANG_WARN_NON_LITERAL_NULL_CONVERSION = YES;
				CLANG_WARN_OBJC_LITERAL_CONVERSION = YES;
				CLANG_WARN_OBJC_ROOT_CLASS = YES_ERROR;
				CLANG_WARN_RANGE_LOOP_ANALYSIS = YES;
				CLANG_WARN_STRICT_PROTOTYPES = YES;
				CLANG_WARN_SUSPICIOUS_MOVE = YES;
				CLANG_WARN_UNGUARDED_AVAILABILITY = YES_AGGRESSIVE;
				CLANG_WARN_UNREACHABLE_CODE = YES;
				CLANG_WARN__DUPLICATE_METHOD_MATCH = YES;
				CODE_SIGN_IDENTITY = "iPhone Developer";
				COPY_PHASE_STRIP = NO;
				DEBUG_INFORMATION_FORMAT = dwarf;
				ENABLE_STRICT_OBJC_MSGSEND = YES;
				ENABLE_TESTABILITY = YES;
				GCC_C_LANGUAGE_STANDARD = gnu11;
				GCC_DYNAMIC_NO_PIC = NO;
				GCC_NO_COMMON_BLOCKS = YES;
				GCC_OPTIMIZATION_LEVEL = 0;
				GCC_PREPROCESSOR_DEFINITIONS = (
					"DEBUG=1",
					"$(inherited)",
				);
				GCC_WARN_64_TO_32_BIT_CONVERSION = YES;
				GCC_WARN_ABOUT_RETURN_TYPE = YES_ERROR;
				GCC_WARN_UNDECLARED_SELECTOR = YES;
				GCC_WARN_UNINITIALIZED_AUTOS = YES_AGGRESSIVE;
				GCC_WARN_UNUSED_FUNCTION = YES;
				GCC_WARN_UNUSED_VARIABLE = YES;
				IPHONEOS_DEPLOYMENT_TARGET = 11.1;
				MTL_ENABLE_DEBUG_INFO = YES;
				ONLY_ACTIVE_ARCH = YES;
				SDKROOT = iphoneos;
				SWIFT_ACTIVE_COMPILATION_CONDITIONS = DEBUG;
				SWIFT_OPTIMIZATION_LEVEL = "-Onone";
			};
			name = Debug;
		};
		9B7BD7BA20BEFE96005C6AD8 /* Release */ = {
			isa = XCBuildConfiguration;
			buildSettings = {
				ALWAYS_SEARCH_USER_PATHS = NO;
				CLANG_ANALYZER_NONNULL = YES;
				CLANG_ANALYZER_NUMBER_OBJECT_CONVERSION = YES_AGGRESSIVE;
				CLANG_CXX_LANGUAGE_STANDARD = "gnu++14";
				CLANG_CXX_LIBRARY = "libc++";
				CLANG_ENABLE_MODULES = YES;
				CLANG_ENABLE_OBJC_ARC = YES;
				CLANG_WARN_BLOCK_CAPTURE_AUTORELEASING = YES;
				CLANG_WARN_BOOL_CONVERSION = YES;
				CLANG_WARN_COMMA = YES;
				CLANG_WARN_CONSTANT_CONVERSION = YES;
				CLANG_WARN_DIRECT_OBJC_ISA_USAGE = YES_ERROR;
				CLANG_WARN_DOCUMENTATION_COMMENTS = YES;
				CLANG_WARN_EMPTY_BODY = YES;
				CLANG_WARN_ENUM_CONVERSION = YES;
				CLANG_WARN_INFINITE_RECURSION = YES;
				CLANG_WARN_INT_CONVERSION = YES;
				CLANG_WARN_NON_LITERAL_NULL_CONVERSION = YES;
				CLANG_WARN_OBJC_LITERAL_CONVERSION = YES;
				CLANG_WARN_OBJC_ROOT_CLASS = YES_ERROR;
				CLANG_WARN_RANGE_LOOP_ANALYSIS = YES;
				CLANG_WARN_STRICT_PROTOTYPES = YES;
				CLANG_WARN_SUSPICIOUS_MOVE = YES;
				CLANG_WARN_UNGUARDED_AVAILABILITY = YES_AGGRESSIVE;
				CLANG_WARN_UNREACHABLE_CODE = YES;
				CLANG_WARN__DUPLICATE_METHOD_MATCH = YES;
				CODE_SIGN_IDENTITY = "iPhone Developer";
				COPY_PHASE_STRIP = NO;
				DEBUG_INFORMATION_FORMAT = "dwarf-with-dsym";
				ENABLE_NS_ASSERTIONS = NO;
				ENABLE_STRICT_OBJC_MSGSEND = YES;
				GCC_C_LANGUAGE_STANDARD = gnu11;
				GCC_NO_COMMON_BLOCKS = YES;
				GCC_WARN_64_TO_32_BIT_CONVERSION = YES;
				GCC_WARN_ABOUT_RETURN_TYPE = YES_ERROR;
				GCC_WARN_UNDECLARED_SELECTOR = YES;
				GCC_WARN_UNINITIALIZED_AUTOS = YES_AGGRESSIVE;
				GCC_WARN_UNUSED_FUNCTION = YES;
				GCC_WARN_UNUSED_VARIABLE = YES;
				IPHONEOS_DEPLOYMENT_TARGET = 11.1;
				MTL_ENABLE_DEBUG_INFO = NO;
				SDKROOT = iphoneos;
				SWIFT_OPTIMIZATION_LEVEL = "-Owholemodule";
				VALIDATE_PRODUCT = YES;
			};
			name = Release;
		};
		9B7BD7BC20BEFE96005C6AD8 /* Debug */ = {
			isa = XCBuildConfiguration;
			baseConfigurationReference = 14C3F4808D842846412C873B /* Pods-Havas.debug.xcconfig */;
			buildSettings = {
				ASSETCATALOG_COMPILER_APPICON_NAME = AppIcon;
				CODE_SIGN_STYLE = Automatic;
				DEVELOPMENT_TEAM = B3L9Z83YP6;
				INFOPLIST_FILE = Havas/Info.plist;
				LD_RUNPATH_SEARCH_PATHS = "$(inherited) @executable_path/Frameworks";
				PRODUCT_BUNDLE_IDENTIFIER = com.boqiancheng.www.Havas;
				PRODUCT_NAME = "$(TARGET_NAME)";
				SWIFT_VERSION = 4.0;
				TARGETED_DEVICE_FAMILY = "1,2";
			};
			name = Debug;
		};
		9B7BD7BD20BEFE96005C6AD8 /* Release */ = {
			isa = XCBuildConfiguration;
			baseConfigurationReference = 6F3CB810ABC687D6BD2AF225 /* Pods-Havas.release.xcconfig */;
			buildSettings = {
				ASSETCATALOG_COMPILER_APPICON_NAME = AppIcon;
				CODE_SIGN_STYLE = Automatic;
				DEVELOPMENT_TEAM = B3L9Z83YP6;
				INFOPLIST_FILE = Havas/Info.plist;
				LD_RUNPATH_SEARCH_PATHS = "$(inherited) @executable_path/Frameworks";
				PRODUCT_BUNDLE_IDENTIFIER = com.boqiancheng.www.Havas;
				PRODUCT_NAME = "$(TARGET_NAME)";
				SWIFT_VERSION = 4.0;
				TARGETED_DEVICE_FAMILY = "1,2";
			};
			name = Release;
		};
		9B7BD7BF20BEFE96005C6AD8 /* Debug */ = {
			isa = XCBuildConfiguration;
			baseConfigurationReference = 1741F5501C354A0A66B70122 /* Pods-HavasTests.debug.xcconfig */;
			buildSettings = {
				ALWAYS_EMBED_SWIFT_STANDARD_LIBRARIES = YES;
				BUNDLE_LOADER = "$(TEST_HOST)";
				CODE_SIGN_STYLE = Automatic;
				DEVELOPMENT_TEAM = B3L9Z83YP6;
				INFOPLIST_FILE = HavasTests/Info.plist;
				LD_RUNPATH_SEARCH_PATHS = "$(inherited) @executable_path/Frameworks @loader_path/Frameworks";
				PRODUCT_BUNDLE_IDENTIFIER = com.boqiancheng.www.HavasTests;
				PRODUCT_NAME = "$(TARGET_NAME)";
				SWIFT_VERSION = 4.0;
				TARGETED_DEVICE_FAMILY = "1,2";
				TEST_HOST = "$(BUILT_PRODUCTS_DIR)/Havas.app/Havas";
			};
			name = Debug;
		};
		9B7BD7C020BEFE96005C6AD8 /* Release */ = {
			isa = XCBuildConfiguration;
			baseConfigurationReference = 58CC7AE42C45DD5B246AB6CC /* Pods-HavasTests.release.xcconfig */;
			buildSettings = {
				ALWAYS_EMBED_SWIFT_STANDARD_LIBRARIES = YES;
				BUNDLE_LOADER = "$(TEST_HOST)";
				CODE_SIGN_STYLE = Automatic;
				DEVELOPMENT_TEAM = B3L9Z83YP6;
				INFOPLIST_FILE = HavasTests/Info.plist;
				LD_RUNPATH_SEARCH_PATHS = "$(inherited) @executable_path/Frameworks @loader_path/Frameworks";
				PRODUCT_BUNDLE_IDENTIFIER = com.boqiancheng.www.HavasTests;
				PRODUCT_NAME = "$(TARGET_NAME)";
				SWIFT_VERSION = 4.0;
				TARGETED_DEVICE_FAMILY = "1,2";
				TEST_HOST = "$(BUILT_PRODUCTS_DIR)/Havas.app/Havas";
			};
			name = Release;
		};
		9B7BD7C220BEFE96005C6AD8 /* Debug */ = {
			isa = XCBuildConfiguration;
			baseConfigurationReference = 22365CA0C6828CEAC789C3E7 /* Pods-HavasUITests.debug.xcconfig */;
			buildSettings = {
				ALWAYS_EMBED_SWIFT_STANDARD_LIBRARIES = YES;
				CODE_SIGN_STYLE = Automatic;
				DEVELOPMENT_TEAM = B3L9Z83YP6;
				INFOPLIST_FILE = HavasUITests/Info.plist;
				LD_RUNPATH_SEARCH_PATHS = "$(inherited) @executable_path/Frameworks @loader_path/Frameworks";
				PRODUCT_BUNDLE_IDENTIFIER = com.boqiancheng.www.HavasUITests;
				PRODUCT_NAME = "$(TARGET_NAME)";
				SWIFT_VERSION = 4.0;
				TARGETED_DEVICE_FAMILY = "1,2";
				TEST_TARGET_NAME = Havas;
			};
			name = Debug;
		};
		9B7BD7C320BEFE96005C6AD8 /* Release */ = {
			isa = XCBuildConfiguration;
			baseConfigurationReference = 66693448BF188C56D4B6DDB2 /* Pods-HavasUITests.release.xcconfig */;
			buildSettings = {
				ALWAYS_EMBED_SWIFT_STANDARD_LIBRARIES = YES;
				CODE_SIGN_STYLE = Automatic;
				DEVELOPMENT_TEAM = B3L9Z83YP6;
				INFOPLIST_FILE = HavasUITests/Info.plist;
				LD_RUNPATH_SEARCH_PATHS = "$(inherited) @executable_path/Frameworks @loader_path/Frameworks";
				PRODUCT_BUNDLE_IDENTIFIER = com.boqiancheng.www.HavasUITests;
				PRODUCT_NAME = "$(TARGET_NAME)";
				SWIFT_VERSION = 4.0;
				TARGETED_DEVICE_FAMILY = "1,2";
				TEST_TARGET_NAME = Havas;
			};
			name = Release;
		};
/* End XCBuildConfiguration section */

/* Begin XCConfigurationList section */
		9B7BD78E20BEFE96005C6AD8 /* Build configuration list for PBXProject "Havas" */ = {
			isa = XCConfigurationList;
			buildConfigurations = (
				9B7BD7B920BEFE96005C6AD8 /* Debug */,
				9B7BD7BA20BEFE96005C6AD8 /* Release */,
			);
			defaultConfigurationIsVisible = 0;
			defaultConfigurationName = Release;
		};
		9B7BD7BB20BEFE96005C6AD8 /* Build configuration list for PBXNativeTarget "Havas" */ = {
			isa = XCConfigurationList;
			buildConfigurations = (
				9B7BD7BC20BEFE96005C6AD8 /* Debug */,
				9B7BD7BD20BEFE96005C6AD8 /* Release */,
			);
			defaultConfigurationIsVisible = 0;
			defaultConfigurationName = Release;
		};
		9B7BD7BE20BEFE96005C6AD8 /* Build configuration list for PBXNativeTarget "HavasTests" */ = {
			isa = XCConfigurationList;
			buildConfigurations = (
				9B7BD7BF20BEFE96005C6AD8 /* Debug */,
				9B7BD7C020BEFE96005C6AD8 /* Release */,
			);
			defaultConfigurationIsVisible = 0;
			defaultConfigurationName = Release;
		};
		9B7BD7C120BEFE96005C6AD8 /* Build configuration list for PBXNativeTarget "HavasUITests" */ = {
			isa = XCConfigurationList;
			buildConfigurations = (
				9B7BD7C220BEFE96005C6AD8 /* Debug */,
				9B7BD7C320BEFE96005C6AD8 /* Release */,
			);
			defaultConfigurationIsVisible = 0;
			defaultConfigurationName = Release;
		};
/* End XCConfigurationList section */
	};
	rootObject = 9B7BD78B20BEFE96005C6AD8 /* Project object */;
}
